<?xml version="1.0" encoding="UTF-8" standalone="yes" ?>
<CodeBlocks_project_file>
	<FileVersion major="1" minor="6" />
	<Project>
		<Option title="COEN 244 Project" />
		<Option pch_mode="2" />
		<Option compiler="gcc" />
		<Build>
			<Target title="Debug">
				<Option output="bin/Debug/COEN 244 Project" prefix_auto="1" extension_auto="1" />
				<Option object_output="obj/Debug/" />
				<Option type="1" />
				<Option compiler="gcc" />
				<Compiler>
					<Add option="-g" />
				</Compiler>
			</Target>
			<Target title="Release">
				<Option output="bin/Release/COEN 244 Project" prefix_auto="1" extension_auto="1" />
				<Option object_output="obj/Release/" />
				<Option type="1" />
				<Option compiler="gcc" />
				<Compiler>
					<Add option="-O2" />
				</Compiler>
				<Linker>
					<Add option="-s" />
				</Linker>
			</Target>
		</Build>
		<Compiler>
			<Add option="-Wall" />
		</Compiler>
		<Unit filename="Controller.cpp" />
		<Unit filename="Controller.h" />
		<Unit filename="CurveParams.cpp" />
		<Unit filename="CurveParams.h" />
		<Unit filename="GenePool.cpp" />
		<Unit filename="GenePool.h" />
		<Unit filename="Individual.cpp" />
		<Unit filename="Individual.h" />
		<Unit filename="LangermannPoint.cpp" />
		<Unit filename="LangermannPoint.h" />
		<Unit filename="Point.cpp" />
		<Unit filename="Point.h" />
		<Unit filename="SetOfPoints.cpp" />
		<Unit filename="SetOfPoints.h" />
		<Unit filename="main.cpp" />
		<Extensions>
			<code_completion />
			<envvars />
			<debugger />
			<lib_finder disable_auto="1" />
		</Extensions>
	</Project>
</CodeBlocks_project_file>
